
Microsoft Visual Studio Solution File, Format Version 12.00
# Visual Studio for Mac
Project("{FAE04EC0-301F-11D3-BF4B-00C04F79EFBC}") = "NewTestProject", "Assembly-CSharp.csproj", "{23133756-1F5C-E202-463B-0259134004C9}"
EndProject
Project("{FAE04EC0-301F-11D3-BF4B-00C04F79EFBC}") = "NewTestProject", "Assembly-CSharp-Editor.csproj", "{80FCEB3F-DD96-3245-AEB7-58538D215C5D}"
EndProject
Global
	GlobalSection(SolutionConfigurationPlatforms) = preSolution
		Debug|Any CPU = Debug|Any CPU
		Release|Any CPU = Release|Any CPU
	EndGlobalSection
	GlobalSection(ProjectConfigurationPlatforms) = postSolution
		{23133756-1F5C-E202-463B-0259134004C9}.Debug|Any CPU.ActiveCfg = Debug|Any CPU
		{23133756-1F5C-E202-463B-0259134004C9}.Debug|Any CPU.Build.0 = Debug|Any CPU
		{23133756-1F5C-E202-463B-0259134004C9}.Release|Any CPU.ActiveCfg = Release|Any CPU
		{23133756-1F5C-E202-463B-0259134004C9}.Release|Any CPU.Build.0 = Release|Any CPU
		{80FCEB3F-DD96-3245-AEB7-58538D215C5D}.Debug|Any CPU.ActiveCfg = Debug|Any CPU
		{80FCEB3F-DD96-3245-AEB7-58538D215C5D}.Debug|Any CPU.Build.0 = Debug|Any CPU
		{80FCEB3F-DD96-3245-AEB7-58538D215C5D}.Release|Any CPU.ActiveCfg = Release|Any CPU
		{80FCEB3F-DD96-3245-AEB7-58538D215C5D}.Release|Any CPU.Build.0 = Release|Any CPU
	EndGlobalSection
	GlobalSection(SolutionProperties) = preSolution
		HideSolutionNode = FALSE
	EndGlobalSection
EndGlobal
